
Microsoft Visual Studio Solution File, Format Version 12.00
# Visual Studio Version 17
VisualStudioVersion = 17.2.32630.192
MinimumVisualStudioVersion = 10.0.40219.1
Project("{9A19103F-16F7-4668-BE54-9A1E7A4F7556}") = "OrderUp_API", "OrderUp_API.csproj", "{B7ED45B6-BE75-4044-AE10-FBBD38A70251}"
EndProject
Global
	GlobalSection(SolutionConfigurationPlatforms) = preSolution
		Debug|Any CPU = Debug|Any CPU
		Release|Any CPU = Release|Any CPU
	EndGlobalSection
	GlobalSection(ProjectConfigurationPlatforms) = postSolution
		{B7ED45B6-BE75-4044-AE10-FBBD38A70251}.Debug|Any CPU.ActiveCfg = Debug|Any CPU
		{B7ED45B6-BE75-4044-AE10-FBBD38A70251}.Debug|Any CPU.Build.0 = Debug|Any CPU
		{B7ED45B6-BE75-4044-AE10-FBBD38A70251}.Release|Any CPU.ActiveCfg = Release|Any CPU
		{B7ED45B6-BE75-4044-AE10-FBBD38A70251}.Release|Any CPU.Build.0 = Release|Any CPU
	EndGlobalSection
	GlobalSection(SolutionProperties) = preSolution
		HideSolutionNode = FALSE
	EndGlobalSection
	GlobalSection(ExtensibilityGlobals) = postSolution
		SolutionGuid = {FBEFD2E7-630C-4955-B87F-FB7B58FB3D48}
	EndGlobalSection
EndGlobal
